
Microsoft Visual Studio Solution File, Format Version 12.00
# Visual Studio Version 17
VisualStudioVersion = 17.10.35013.160
MinimumVisualStudioVersion = 10.0.40219.1
Project("{FAE04EC0-301F-11D3-BF4B-00C04F79EFBC}") = "UnoAppSkiaDesktop", "UnoAppSkiaDesktop\UnoAppSkiaDesktop.csproj", "{68E42390-F4AF-4A56-B736-C01FC72349B3}"
EndProject
Project("{2150E333-8FDC-42A3-9474-1A3956D46DE8}") = "Solution Items", "Solution Items", "{3837E132-E42B-4163-8FF9-D23718B0B596}"
	ProjectSection(SolutionItems) = preProject
		.gitignore = .gitignore
		Directory.Build.props = Directory.Build.props
		Directory.Build.targets = Directory.Build.targets
		Directory.Packages.props = Directory.Packages.props
		global.json = global.json
	EndProjectSection
EndProject
Global
	GlobalSection(SolutionConfigurationPlatforms) = preSolution
		Debug|Any CPU = Debug|Any CPU
		Release|Any CPU = Release|Any CPU
	EndGlobalSection
	GlobalSection(ProjectConfigurationPlatforms) = postSolution
		{68E42390-F4AF-4A56-B736-C01FC72349B3}.Debug|Any CPU.ActiveCfg = Debug|Any CPU
		{68E42390-F4AF-4A56-B736-C01FC72349B3}.Debug|Any CPU.Build.0 = Debug|Any CPU
		{68E42390-F4AF-4A56-B736-C01FC72349B3}.Debug|Any CPU.Deploy.0 = Debug|Any CPU
		{68E42390-F4AF-4A56-B736-C01FC72349B3}.Release|Any CPU.ActiveCfg = Release|Any CPU
		{68E42390-F4AF-4A56-B736-C01FC72349B3}.Release|Any CPU.Build.0 = Release|Any CPU
		{68E42390-F4AF-4A56-B736-C01FC72349B3}.Release|Any CPU.Deploy.0 = Release|Any CPU
	EndGlobalSection
	GlobalSection(SolutionProperties) = preSolution
		HideSolutionNode = FALSE
	EndGlobalSection
	GlobalSection(ExtensibilityGlobals) = postSolution
		SolutionGuid = {460A725D-E1A1-4B96-8611-48DB5B2B9BAF}
	EndGlobalSection
EndGlobal
